
Microsoft Visual Studio Solution File, Format Version 12.00
# Visual Studio 15
VisualStudioVersion = 15.0.28010.2048
MinimumVisualStudioVersion = 10.0.40219.1
Project("{2150E333-8FDC-42A3-9474-1A3956D46DE8}") = "Solution Items", "Solution Items", "{FCACBF6B-9416-468E-B7CE-26D05C65462C}"
	ProjectSection(SolutionItems) = preProject
		index.html = index.html
		Script.js = Script.js
		style.css = style.css
	EndProjectSection
EndProject
Global
	GlobalSection(SolutionProperties) = preSolution
		HideSolutionNode = FALSE
	EndGlobalSection
	GlobalSection(ExtensibilityGlobals) = postSolution
		SolutionGuid = {DE48C057-F33B-4F86-80EF-A54EC6BB1591}
	EndGlobalSection
EndGlobal
